
Microsoft Visual Studio Solution File, Format Version 12.00
# Visual Studio Version 17
VisualStudioVersion = 17.5.33516.290
MinimumVisualStudioVersion = 10.0.40219.1
Project("{9A19103F-16F7-4668-BE54-9A1E7A4F7556}") = "Topten.RichTextKit", "Topten.RichTextKit\Topten.RichTextKit.csproj", "{6472D685-FD75-4475-8DE2-53917B0BA189}"
EndProject
Project("{FAE04EC0-301F-11D3-BF4B-00C04F79EFBC}") = "Sandbox", "Sandbox\Sandbox.csproj", "{A8440E53-0D1E-477B-81B3-7916ECAF2EF2}"
EndProject
Project("{9A19103F-16F7-4668-BE54-9A1E7A4F7556}") = "SandboxDriver", "SandboxDriver\SandboxDriver.csproj", "{76AE34F1-D8B7-4593-A9FA-A82CDB438A5C}"
EndProject
Project("{9A19103F-16F7-4668-BE54-9A1E7A4F7556}") = "Topten.RichTextKit.Test", "Topten.RichTextKit.Test\Topten.RichTextKit.Test.csproj", "{44AE4B31-855E-41C5-8AAE-B7E6227EE3E6}"
EndProject
Project("{9A19103F-16F7-4668-BE54-9A1E7A4F7556}") = "TestBench", "TestBench\TestBench.csproj", "{79AC4303-DC30-480E-969B-E9320DD4A8CF}"
EndProject
Project("{FAE04EC0-301F-11D3-BF4B-00C04F79EFBC}") = "RichStringSandbox", "RichStringSandbox\RichStringSandbox.csproj", "{B11CCB1B-9DEA-44DE-BFFD-B12092C36500}"
EndProject
Global
	GlobalSection(SolutionConfigurationPlatforms) = preSolution
		Debug|Any CPU = Debug|Any CPU
		Release|Any CPU = Release|Any CPU
	EndGlobalSection
	GlobalSection(ProjectConfigurationPlatforms) = postSolution
		{6472D685-FD75-4475-8DE2-53917B0BA189}.Debug|Any CPU.ActiveCfg = Debug|Any CPU
		{6472D685-FD75-4475-8DE2-53917B0BA189}.Debug|Any CPU.Build.0 = Debug|Any CPU
		{6472D685-FD75-4475-8DE2-53917B0BA189}.Release|Any CPU.ActiveCfg = Release|Any CPU
		{6472D685-FD75-4475-8DE2-53917B0BA189}.Release|Any CPU.Build.0 = Release|Any CPU
		{A8440E53-0D1E-477B-81B3-7916ECAF2EF2}.Debug|Any CPU.ActiveCfg = Debug|Any CPU
		{A8440E53-0D1E-477B-81B3-7916ECAF2EF2}.Debug|Any CPU.Build.0 = Debug|Any CPU
		{A8440E53-0D1E-477B-81B3-7916ECAF2EF2}.Release|Any CPU.ActiveCfg = Release|Any CPU
		{A8440E53-0D1E-477B-81B3-7916ECAF2EF2}.Release|Any CPU.Build.0 = Release|Any CPU
		{76AE34F1-D8B7-4593-A9FA-A82CDB438A5C}.Debug|Any CPU.ActiveCfg = Debug|Any CPU
		{76AE34F1-D8B7-4593-A9FA-A82CDB438A5C}.Debug|Any CPU.Build.0 = Debug|Any CPU
		{76AE34F1-D8B7-4593-A9FA-A82CDB438A5C}.Release|Any CPU.ActiveCfg = Release|Any CPU
		{76AE34F1-D8B7-4593-A9FA-A82CDB438A5C}.Release|Any CPU.Build.0 = Release|Any CPU
		{44AE4B31-855E-41C5-8AAE-B7E6227EE3E6}.Debug|Any CPU.ActiveCfg = Debug|Any CPU
		{44AE4B31-855E-41C5-8AAE-B7E6227EE3E6}.Debug|Any CPU.Build.0 = Debug|Any CPU
		{44AE4B31-855E-41C5-8AAE-B7E6227EE3E6}.Release|Any CPU.ActiveCfg = Release|Any CPU
		{44AE4B31-855E-41C5-8AAE-B7E6227EE3E6}.Release|Any CPU.Build.0 = Release|Any CPU
		{79AC4303-DC30-480E-969B-E9320DD4A8CF}.Debug|Any CPU.ActiveCfg = Debug|Any CPU
		{79AC4303-DC30-480E-969B-E9320DD4A8CF}.Debug|Any CPU.Build.0 = Debug|Any CPU
		{79AC4303-DC30-480E-969B-E9320DD4A8CF}.Release|Any CPU.ActiveCfg = Release|Any CPU
		{79AC4303-DC30-480E-969B-E9320DD4A8CF}.Release|Any CPU.Build.0 = Release|Any CPU
		{B11CCB1B-9DEA-44DE-BFFD-B12092C36500}.Debug|Any CPU.ActiveCfg = Debug|Any CPU
		{B11CCB1B-9DEA-44DE-BFFD-B12092C36500}.Debug|Any CPU.Build.0 = Debug|Any CPU
		{B11CCB1B-9DEA-44DE-BFFD-B12092C36500}.Release|Any CPU.ActiveCfg = Release|Any CPU
		{B11CCB1B-9DEA-44DE-BFFD-B12092C36500}.Release|Any CPU.Build.0 = Release|Any CPU
	EndGlobalSection
	GlobalSection(SolutionProperties) = preSolution
		HideSolutionNode = FALSE
	EndGlobalSection
	GlobalSection(ExtensibilityGlobals) = postSolution
		SolutionGuid = {45C5DB84-4136-4F76-ADA4-9BC87F3C6A95}
	EndGlobalSection
EndGlobal
